
Microsoft Visual Studio Solution File, Format Version 12.00
# Visual Studio Version 16
VisualStudioVersion = 16.0.31729.503
MinimumVisualStudioVersion = 10.0.40219.1
Project("{FAE04EC0-301F-11D3-BF4B-00C04F79EFBC}") = "WeatherApp", "WeatherApp\WeatherApp.csproj", "{CAD4E609-7A95-4979-BD64-BD973DDC490E}"
EndProject
Global
	GlobalSection(SolutionConfigurationPlatforms) = preSolution
		Debug|Any CPU = Debug|Any CPU
		Release|Any CPU = Release|Any CPU
	EndGlobalSection
	GlobalSection(ProjectConfigurationPlatforms) = postSolution
		{CAD4E609-7A95-4979-BD64-BD973DDC490E}.Debug|Any CPU.ActiveCfg = Debug|Any CPU
		{CAD4E609-7A95-4979-BD64-BD973DDC490E}.Debug|Any CPU.Build.0 = Debug|Any CPU
		{CAD4E609-7A95-4979-BD64-BD973DDC490E}.Debug|Any CPU.Deploy.0 = Debug|Any CPU
		{CAD4E609-7A95-4979-BD64-BD973DDC490E}.Release|Any CPU.ActiveCfg = Release|Any CPU
		{CAD4E609-7A95-4979-BD64-BD973DDC490E}.Release|Any CPU.Build.0 = Release|Any CPU
		{CAD4E609-7A95-4979-BD64-BD973DDC490E}.Release|Any CPU.Deploy.0 = Release|Any CPU
	EndGlobalSection
	GlobalSection(SolutionProperties) = preSolution
		HideSolutionNode = FALSE
	EndGlobalSection
	GlobalSection(ExtensibilityGlobals) = postSolution
		SolutionGuid = {7DFDAB1A-E5BF-45CC-A3AF-A8C2E34714AC}
	EndGlobalSection
EndGlobal
